{
  "originHash" : "b90cbc4cf82ca046599ead31f325200b5dbbbe7c99900060ad1acbc4d45ea59e",
  "pins" : [
    {
      "identity" : "klarna-mobile-sdk-ios",
      "kind" : "remoteSourceControl",
      "location" : "https://github.com/klarna/klarna-mobile-sdk-ios",
      "state" : {
        "revision" : "bd83040f80140cf83669dfe6e8a04e5b35128a8f",
        "version" : "2.10.2"
      }
    }
  ],
  "version" : 3
}
